
Microsoft Visual Studio Solution File, Format Version 12.00
# Visual Studio Version 16
VisualStudioVersion = 16.0.29728.190
MinimumVisualStudioVersion = 10.0.40219.1
Project("{9A19103F-16F7-4668-BE54-9A1E7A4F7556}") = "WebAPI201", "Web API 201\WebAPI201.csproj", "{95CAC783-8C95-44C9-9D1E-F0F44228208D}"
EndProject
Project("{9A19103F-16F7-4668-BE54-9A1E7A4F7556}") = "TestingWholeAPI", "TestingWholeAPI\TestingWholeAPI.csproj", "{3A2FCA6D-8352-44B7-B83B-F240C6DCA1F4}"
EndProject
Global
	GlobalSection(SolutionConfigurationPlatforms) = preSolution
		Debug|Any CPU = Debug|Any CPU
		Release|Any CPU = Release|Any CPU
	EndGlobalSection
	GlobalSection(ProjectConfigurationPlatforms) = postSolution
		{95CAC783-8C95-44C9-9D1E-F0F44228208D}.Debug|Any CPU.ActiveCfg = Debug|Any CPU
		{95CAC783-8C95-44C9-9D1E-F0F44228208D}.Debug|Any CPU.Build.0 = Debug|Any CPU
		{95CAC783-8C95-44C9-9D1E-F0F44228208D}.Release|Any CPU.ActiveCfg = Release|Any CPU
		{95CAC783-8C95-44C9-9D1E-F0F44228208D}.Release|Any CPU.Build.0 = Release|Any CPU
		{3A2FCA6D-8352-44B7-B83B-F240C6DCA1F4}.Debug|Any CPU.ActiveCfg = Debug|Any CPU
		{3A2FCA6D-8352-44B7-B83B-F240C6DCA1F4}.Debug|Any CPU.Build.0 = Debug|Any CPU
		{3A2FCA6D-8352-44B7-B83B-F240C6DCA1F4}.Release|Any CPU.ActiveCfg = Release|Any CPU
		{3A2FCA6D-8352-44B7-B83B-F240C6DCA1F4}.Release|Any CPU.Build.0 = Release|Any CPU
	EndGlobalSection
	GlobalSection(SolutionProperties) = preSolution
		HideSolutionNode = FALSE
	EndGlobalSection
	GlobalSection(ExtensibilityGlobals) = postSolution
		SolutionGuid = {C6BE47F5-D056-43F9-957C-FF65C1342F9B}
	EndGlobalSection
EndGlobal
